
Microsoft Visual Studio Solution File, Format Version 12.00
# Visual Studio Version 16
VisualStudioVersion = 16.0.32126.315
MinimumVisualStudioVersion = 10.0.40219.1
Project("{888888A0-9F3D-457C-B088-3A5042F75D52}") = "PythonLab", "PythonLab.pyproj", "{97B0232A-AC72-4BAA-9BFF-841C8D29B7C4}"
EndProject
Global
	GlobalSection(SolutionConfigurationPlatforms) = preSolution
		Debug|Any CPU = Debug|Any CPU
		Release|Any CPU = Release|Any CPU
	EndGlobalSection
	GlobalSection(ProjectConfigurationPlatforms) = postSolution
		{97B0232A-AC72-4BAA-9BFF-841C8D29B7C4}.Debug|Any CPU.ActiveCfg = Debug|Any CPU
		{97B0232A-AC72-4BAA-9BFF-841C8D29B7C4}.Release|Any CPU.ActiveCfg = Release|Any CPU
	EndGlobalSection
	GlobalSection(SolutionProperties) = preSolution
		HideSolutionNode = FALSE
	EndGlobalSection
	GlobalSection(ExtensibilityGlobals) = postSolution
		SolutionGuid = {65103ADC-278D-4D1F-9D69-2B43AA429381}
	EndGlobalSection
EndGlobal
