
Microsoft Visual Studio Solution File, Format Version 12.00
# Visual Studio Version 16
VisualStudioVersion = 16.0.32126.315
MinimumVisualStudioVersion = 10.0.40219.1
Project("{8BC9CEB8-8B4A-11D0-8D11-00A0C91BC942}") = "Lab4", "Lab4.vcxproj", "{1F024970-18E3-4D12-9849-BC10BEB1D168}"
EndProject
Global
	GlobalSection(SolutionConfigurationPlatforms) = preSolution
		Debug|x64 = Debug|x64
		Debug|x86 = Debug|x86
		Release|x64 = Release|x64
		Release|x86 = Release|x86
	EndGlobalSection
	GlobalSection(ProjectConfigurationPlatforms) = postSolution
		{1F024970-18E3-4D12-9849-BC10BEB1D168}.Debug|x64.ActiveCfg = Debug|x64
		{1F024970-18E3-4D12-9849-BC10BEB1D168}.Debug|x64.Build.0 = Debug|x64
		{1F024970-18E3-4D12-9849-BC10BEB1D168}.Debug|x86.ActiveCfg = Debug|Win32
		{1F024970-18E3-4D12-9849-BC10BEB1D168}.Debug|x86.Build.0 = Debug|Win32
		{1F024970-18E3-4D12-9849-BC10BEB1D168}.Release|x64.ActiveCfg = Release|x64
		{1F024970-18E3-4D12-9849-BC10BEB1D168}.Release|x64.Build.0 = Release|x64
		{1F024970-18E3-4D12-9849-BC10BEB1D168}.Release|x86.ActiveCfg = Release|Win32
		{1F024970-18E3-4D12-9849-BC10BEB1D168}.Release|x86.Build.0 = Release|Win32
	EndGlobalSection
	GlobalSection(SolutionProperties) = preSolution
		HideSolutionNode = FALSE
	EndGlobalSection
	GlobalSection(ExtensibilityGlobals) = postSolution
		SolutionGuid = {15462822-9D06-4C6B-B2AB-0268AFA6A2E7}
	EndGlobalSection
EndGlobal
